// !$*UTF8*$!
{
	archiveVersion = 1;
	classes = {
	};
	objectVersion = 46;
	objects = {

/* Begin PBXBuildFile section */
		1CB3E07D1E00E4D60019CF9E /* AppDelegate.swift in Sources */ = {isa = PBXBuildFile; fileRef = 1CB3E07C1E00E4D60019CF9E /* AppDelegate.swift */; };
		1CB3E07F1E00E4D60019CF9E /* ViewController.swift in Sources */ = {isa = PBXBuildFile; fileRef = 1CB3E07E1E00E4D60019CF9E /* ViewController.swift */; };
		1CB3E0821E00E4D60019CF9E /* Main.storyboard in Resources */ = {isa = PBXBuildFile; fileRef = 1CB3E0801E00E4D60019CF9E /* Main.storyboard */; };
		1CB3E0841E00E4D60019CF9E /* Assets.xcassets in Resources */ = {isa = PBXBuildFile; fileRef = 1CB3E0831E00E4D60019CF9E /* Assets.xcassets */; };
		1CB3E0871E00E4D60019CF9E /* LaunchScreen.storyboard in Resources */ = {isa = PBXBuildFile; fileRef = 1CB3E0851E00E4D60019CF9E /* LaunchScreen.storyboard */; };
		1CB3E0921E00E4D60019CF9E /* signTests.swift in Sources */ = {isa = PBXBuildFile; fileRef = 1CB3E0911E00E4D60019CF9E /* signTests.swift */; };
		1CB3E09D1E00E4D60019CF9E /* signUITests.swift in Sources */ = {isa = PBXBuildFile; fileRef = 1CB3E09C1E00E4D60019CF9E /* signUITests.swift */; };
		1CB3E0AB1E00E4FC0019CF9E /* DrawSignatureView.swift in Sources */ = {isa = PBXBuildFile; fileRef = 1CB3E0AA1E00E4FC0019CF9E /* DrawSignatureView.swift */; };
/* End PBXBuildFile section */

/* Begin PBXContainerItemProxy section */
		1CB3E08E1E00E4D60019CF9E /* PBXContainerItemProxy */ = {
			isa = PBXContainerItemProxy;
			containerPortal = 1CB3E0711E00E4D60019CF9E /* Project object */;
			proxyType = 1;
			remoteGlobalIDString = 1CB3E0781E00E4D60019CF9E;
			remoteInfo = sign;
		};
		1CB3E0991E00E4D60019CF9E /* PBXContainerItemProxy */ = {
			isa = PBXContainerItemProxy;
			containerPortal = 1CB3E0711E00E4D60019CF9E /* Project object */;
			proxyType = 1;
			remoteGlobalIDString = 1CB3E0781E00E4D60019CF9E;
			remoteInfo = sign;
		};
/* End PBXContainerItemProxy section */

/* Begin PBXFileReference section */
		1CB3E0791E00E4D60019CF9E /* sign.app */ = {isa = PBXFileReference; explicitFileType = wrapper.application; includeInIndex = 0; path = sign.app; sourceTree = BUILT_PRODUCTS_DIR; };
		1CB3E07C1E00E4D60019CF9E /* AppDelegate.swift */ = {isa = PBXFileReference; lastKnownFileType = sourcecode.swift; path = AppDelegate.swift; sourceTree = "<group>"; };
		1CB3E07E1E00E4D60019CF9E /* ViewController.swift */ = {isa = PBXFileReference; lastKnownFileType = sourcecode.swift; path = ViewController.swift; sourceTree = "<group>"; };
		1CB3E0811E00E4D60019CF9E /* Base */ = {isa = PBXFileReference; lastKnownFileType = file.storyboard; name = Base; path = Base.lproj/Main.storyboard; sourceTree = "<group>"; };
		1CB3E0831E00E4D60019CF9E /* Assets.xcassets */ = {isa = PBXFileReference; lastKnownFileType = folder.assetcatalog; path = Assets.xcassets; sourceTree = "<group>"; };
		1CB3E0861E00E4D60019CF9E /* Base */ = {isa = PBXFileReference; lastKnownFileType = file.storyboard; name = Base; path = Base.lproj/LaunchScreen.storyboard; sourceTree = "<group>"; };
		1CB3E0881E00E4D60019CF9E /* Info.plist */ = {isa = PBXFileReference; lastKnownFileType = text.plist.xml; path = Info.plist; sourceTree = "<group>"; };
		1CB3E08D1E00E4D60019CF9E /* signTests.xctest */ = {isa = PBXFileReference; explicitFileType = wrapper.cfbundle; includeInIndex = 0; path = signTests.xctest; sourceTree = BUILT_PRODUCTS_DIR; };
		1CB3E0911E00E4D60019CF9E /* signTests.swift */ = {isa = PBXFileReference; lastKnownFileType = sourcecode.swift; path = signTests.swift; sourceTree = "<group>"; };
		1CB3E0931E00E4D60019CF9E /* Info.plist */ = {isa = PBXFileReference; lastKnownFileType = text.plist.xml; path = Info.plist; sourceTree = "<group>"; };
		1CB3E0981E00E4D60019CF9E /* signUITests.xctest */ = {isa = PBXFileReference; explicitFileType = wrapper.cfbundle; includeInIndex = 0; path = signUITests.xctest; sourceTree = BUILT_PRODUCTS_DIR; };
		1CB3E09C1E00E4D60019CF9E /* signUITests.swift */ = {isa = PBXFileReference; lastKnownFileType = sourcecode.swift; path = signUITests.swift; sourceTree = "<group>"; };
		1CB3E09E1E00E4D60019CF9E /* Info.plist */ = {isa = PBXFileReference; lastKnownFileType = text.plist.xml; path = Info.plist; sourceTree = "<group>"; };
		1CB3E0AA1E00E4FC0019CF9E /* DrawSignatureView.swift */ = {isa = PBXFileReference; fileEncoding = 4; lastKnownFileType = sourcecode.swift; path = DrawSignatureView.swift; sourceTree = "<group>"; };
/* End PBXFileReference section */

/* Begin PBXFrameworksBuildPhase section */
		1CB3E0761E00E4D60019CF9E /* Frameworks */ = {
			isa = PBXFrameworksBuildPhase;
			buildActionMask = 2147483647;
			files = (
			);
			runOnlyForDeploymentPostprocessing = 0;
		};
		1CB3E08A1E00E4D60019CF9E /* Frameworks */ = {
			isa = PBXFrameworksBuildPhase;
			buildActionMask = 2147483647;
			files = (
			);
			runOnlyForDeploymentPostprocessing = 0;
		};
		1CB3E0951E00E4D60019CF9E /* Frameworks */ = {
			isa = PBXFrameworksBuildPhase;
			buildActionMask = 2147483647;
			files = (
			);
			runOnlyForDeploymentPostprocessing = 0;
		};
/* End PBXFrameworksBuildPhase section */

/* Begin PBXGroup section */
		1CB3E0701E00E4D60019CF9E = {
			isa = PBXGroup;
			children = (
				1CB3E07B1E00E4D60019CF9E /* sign */,
				1CB3E0901E00E4D60019CF9E /* signTests */,
				1CB3E09B1E00E4D60019CF9E /* signUITests */,
				1CB3E07A1E00E4D60019CF9E /* Products */,
			);
			sourceTree = "<group>";
		};
		1CB3E07A1E00E4D60019CF9E /* Products */ = {
			isa = PBXGroup;
			children = (
				1CB3E0791E00E4D60019CF9E /* sign.app */,
				1CB3E08D1E00E4D60019CF9E /* signTests.xctest */,
				1CB3E0981E00E4D60019CF9E /* signUITests.xctest */,
			);
			name = Products;
			sourceTree = "<group>";
		};
		1CB3E07B1E00E4D60019CF9E /* sign */ = {
			isa = PBXGroup;
			children = (
				1CB3E07C1E00E4D60019CF9E /* AppDelegate.swift */,
				1CB3E07E1E00E4D60019CF9E /* ViewController.swift */,
				1CB3E0801E00E4D60019CF9E /* Main.storyboard */,
				1CB3E0831E00E4D60019CF9E /* Assets.xcassets */,
				1CB3E0851E00E4D60019CF9E /* LaunchScreen.storyboard */,
				1CB3E0881E00E4D60019CF9E /* Info.plist */,
				1CB3E0AA1E00E4FC0019CF9E /* DrawSignatureView.swift */,
			);
			path = sign;
			sourceTree = "<group>";
		};
		1CB3E0901E00E4D60019CF9E /* signTests */ = {
			isa = PBXGroup;
			children = (
				1CB3E0911E00E4D60019CF9E /* signTests.swift */,
				1CB3E0931E00E4D60019CF9E /* Info.plist */,
			);
			path = signTests;
			sourceTree = "<group>";
		};
		1CB3E09B1E00E4D60019CF9E /* signUITests */ = {
			isa = PBXGroup;
			children = (
				1CB3E09C1E00E4D60019CF9E /* signUITests.swift */,
				1CB3E09E1E00E4D60019CF9E /* Info.plist */,
			);
			path = signUITests;
			sourceTree = "<group>";
		};
/* End PBXGroup section */

/* Begin PBXNativeTarget section */
		1CB3E0781E00E4D60019CF9E /* sign */ = {
			isa = PBXNativeTarget;
			buildConfigurationList = 1CB3E0A11E00E4D60019CF9E /* Build configuration list for PBXNativeTarget "sign" */;
			buildPhases = (
				1CB3E0751E00E4D60019CF9E /* Sources */,
				1CB3E0761E00E4D60019CF9E /* Frameworks */,
				1CB3E0771E00E4D60019CF9E /* Resources */,
			);
			buildRules = (
			);
			dependencies = (
			);
			name = sign;
			productName = sign;
			productReference = 1CB3E0791E00E4D60019CF9E /* sign.app */;
			productType = "com.apple.product-type.application";
		};
		1CB3E08C1E00E4D60019CF9E /* signTests */ = {
			isa = PBXNativeTarget;
			buildConfigurationList = 1CB3E0A41E00E4D60019CF9E /* Build configuration list for PBXNativeTarget "signTests" */;
			buildPhases = (
				1CB3E0891E00E4D60019CF9E /* Sources */,
				1CB3E08A1E00E4D60019CF9E /* Frameworks */,
				1CB3E08B1E00E4D60019CF9E /* Resources */,
			);
			buildRules = (
			);
			dependencies = (
				1CB3E08F1E00E4D60019CF9E /* PBXTargetDependency */,
			);
			name = signTests;
			productName = signTests;
			productReference = 1CB3E08D1E00E4D60019CF9E /* signTests.xctest */;
			productType = "com.apple.product-type.bundle.unit-test";
		};
		1CB3E0971E00E4D60019CF9E /* signUITests */ = {
			isa = PBXNativeTarget;
			buildConfigurationList = 1CB3E0A71E00E4D60019CF9E /* Build configuration list for PBXNativeTarget "signUITests" */;
			buildPhases = (
				1CB3E0941E00E4D60019CF9E /* Sources */,
				1CB3E0951E00E4D60019CF9E /* Frameworks */,
				1CB3E0961E00E4D60019CF9E /* Resources */,
			);
			buildRules = (
			);
			dependencies = (
				1CB3E09A1E00E4D60019CF9E /* PBXTargetDependency */,
			);
			name = signUITests;
			productName = signUITests;
			productReference = 1CB3E0981E00E4D60019CF9E /* signUITests.xctest */;
			productType = "com.apple.product-type.bundle.ui-testing";
		};
/* End PBXNativeTarget section */

/* Begin PBXProject section */
		1CB3E0711E00E4D60019CF9E /* Project object */ = {
			isa = PBXProject;
			attributes = {
				LastSwiftUpdateCheck = 0810;
				LastUpgradeCheck = 0810;
				ORGANIZATIONNAME = "中金支付";
				TargetAttributes = {
					1CB3E0781E00E4D60019CF9E = {
						CreatedOnToolsVersion = 8.1;
						DevelopmentTeam = 8R75S2A8BS;
						ProvisioningStyle = Automatic;
					};
					1CB3E08C1E00E4D60019CF9E = {
						CreatedOnToolsVersion = 8.1;
						DevelopmentTeam = 8R75S2A8BS;
						ProvisioningStyle = Automatic;
						TestTargetID = 1CB3E0781E00E4D60019CF9E;
					};
					1CB3E0971E00E4D60019CF9E = {
						CreatedOnToolsVersion = 8.1;
						DevelopmentTeam = 8R75S2A8BS;
						ProvisioningStyle = Automatic;
						TestTargetID = 1CB3E0781E00E4D60019CF9E;
					};
				};
			};
			buildConfigurationList = 1CB3E0741E00E4D60019CF9E /* Build configuration list for PBXProject "sign" */;
			compatibilityVersion = "Xcode 3.2";
			developmentRegion = English;
			hasScannedForEncodings = 0;
			knownRegions = (
				en,
				Base,
			);
			mainGroup = 1CB3E0701E00E4D60019CF9E;
			productRefGroup = 1CB3E07A1E00E4D60019CF9E /* Products */;
			projectDirPath = "";
			projectRoot = "";
			targets = (
				1CB3E0781E00E4D60019CF9E /* sign */,
				1CB3E08C1E00E4D60019CF9E /* signTests */,
				1CB3E0971E00E4D60019CF9E /* signUITests */,
			);
		};
/* End PBXProject section */

/* Begin PBXResourcesBuildPhase section */
		1CB3E0771E00E4D60019CF9E /* Resources */ = {
			isa = PBXResourcesBuildPhase;
			buildActionMask = 2147483647;
			files = (
				1CB3E0871E00E4D60019CF9E /* LaunchScreen.storyboard in Resources */,
				1CB3E0841E00E4D60019CF9E /* Assets.xcassets in Resources */,
				1CB3E0821E00E4D60019CF9E /* Main.storyboard in Resources */,
			);
			runOnlyForDeploymentPostprocessing = 0;
		};
		1CB3E08B1E00E4D60019CF9E /* Resources */ = {
			isa = PBXResourcesBuildPhase;
			buildActionMask = 2147483647;
			files = (
			);
			runOnlyForDeploymentPostprocessing = 0;
		};
		1CB3E0961E00E4D60019CF9E /* Resources */ = {
			isa = PBXResourcesBuildPhase;
			buildActionMask = 2147483647;
			files = (
			);
			runOnlyForDeploymentPostprocessing = 0;
		};
/* End PBXResourcesBuildPhase section */

/* Begin PBXSourcesBuildPhase section */
		1CB3E0751E00E4D60019CF9E /* Sources */ = {
			isa = PBXSourcesBuildPhase;
			buildActionMask = 2147483647;
			files = (
				1CB3E07F1E00E4D60019CF9E /* ViewController.swift in Sources */,
				1CB3E07D1E00E4D60019CF9E /* AppDelegate.swift in Sources */,
				1CB3E0AB1E00E4FC0019CF9E /* DrawSignatureView.swift in Sources */,
			);
			runOnlyForDeploymentPostprocessing = 0;
		};
		1CB3E0891E00E4D60019CF9E /* Sources */ = {
			isa = PBXSourcesBuildPhase;
			buildActionMask = 2147483647;
			files = (
				1CB3E0921E00E4D60019CF9E /* signTests.swift in Sources */,
			);
			runOnlyForDeploymentPostprocessing = 0;
		};
		1CB3E0941E00E4D60019CF9E /* Sources */ = {
			isa = PBXSourcesBuildPhase;
			buildActionMask = 2147483647;
			files = (
				1CB3E09D1E00E4D60019CF9E /* signUITests.swift in Sources */,
			);
			runOnlyForDeploymentPostprocessing = 0;
		};
/* End PBXSourcesBuildPhase section */

/* Begin PBXTargetDependency section */
		1CB3E08F1E00E4D60019CF9E /* PBXTargetDependency */ = {
			isa = PBXTargetDependency;
			target = 1CB3E0781E00E4D60019CF9E /* sign */;
			targetProxy = 1CB3E08E1E00E4D60019CF9E /* PBXContainerItemProxy */;
		};
		1CB3E09A1E00E4D60019CF9E /* PBXTargetDependency */ = {
			isa = PBXTargetDependency;
			target = 1CB3E0781E00E4D60019CF9E /* sign */;
			targetProxy = 1CB3E0991E00E4D60019CF9E /* PBXContainerItemProxy */;
		};
/* End PBXTargetDependency section */

/* Begin PBXVariantGroup section */
		1CB3E0801E00E4D60019CF9E /* Main.storyboard */ = {
			isa = PBXVariantGroup;
			children = (
				1CB3E0811E00E4D60019CF9E /* Base */,
			);
			name = Main.storyboard;
			sourceTree = "<group>";
		};
		1CB3E0851E00E4D60019CF9E /* LaunchScreen.storyboard */ = {
			isa = PBXVariantGroup;
			children = (
				1CB3E0861E00E4D60019CF9E /* Base */,
			);
			name = LaunchScreen.storyboard;
			sourceTree = "<group>";
		};
/* End PBXVariantGroup section */

/* Begin XCBuildConfiguration section */
		1CB3E09F1E00E4D60019CF9E /* Debug */ = {
			isa = XCBuildConfiguration;
			buildSettings = {
				ALWAYS_SEARCH_USER_PATHS = NO;
				CLANG_ANALYZER_NONNULL = YES;
				CLANG_CXX_LANGUAGE_STANDARD = "gnu++0x";
				CLANG_CXX_LIBRARY = "libc++";
				CLANG_ENABLE_MODULES = YES;
				CLANG_ENABLE_OBJC_ARC = YES;
				CLANG_WARN_BOOL_CONVERSION = YES;
				CLANG_WARN_CONSTANT_CONVERSION = YES;
				CLANG_WARN_DIRECT_OBJC_ISA_USAGE = YES_ERROR;
				CLANG_WARN_DOCUMENTATION_COMMENTS = YES;
				CLANG_WARN_EMPTY_BODY = YES;
				CLANG_WARN_ENUM_CONVERSION = YES;
				CLANG_WARN_INFINITE_RECURSION = YES;
				CLANG_WARN_INT_CONVERSION = YES;
				CLANG_WARN_OBJC_ROOT_CLASS = YES_ERROR;
				CLANG_WARN_SUSPICIOUS_MOVES = YES;
				CLANG_WARN_UNREACHABLE_CODE = YES;
				CLANG_WARN__DUPLICATE_METHOD_MATCH = YES;
				"CODE_SIGN_IDENTITY[sdk=iphoneos*]" = "iPhone Developer";
				COPY_PHASE_STRIP = NO;
				DEBUG_INFORMATION_FORMAT = dwarf;
				ENABLE_STRICT_OBJC_MSGSEND = YES;
				ENABLE_TESTABILITY = YES;
				GCC_C_LANGUAGE_STANDARD = gnu99;
				GCC_DYNAMIC_NO_PIC = NO;
				GCC_NO_COMMON_BLOCKS = YES;
				GCC_OPTIMIZATION_LEVEL = 0;
				GCC_PREPROCESSOR_DEFINITIONS = (
					"DEBUG=1",
					"$(inherited)",
				);
				GCC_WARN_64_TO_32_BIT_CONVERSION = YES;
				GCC_WARN_ABOUT_RETURN_TYPE = YES_ERROR;
				GCC_WARN_UNDECLARED_SELECTOR = YES;
				GCC_WARN_UNINITIALIZED_AUTOS = YES_AGGRESSIVE;
				GCC_WARN_UNUSED_FUNCTION = YES;
				GCC_WARN_UNUSED_VARIABLE = YES;
				IPHONEOS_DEPLOYMENT_TARGET = 10.1;
				MTL_ENABLE_DEBUG_INFO = YES;
				ONLY_ACTIVE_ARCH = YES;
				SDKROOT = iphoneos;
				SWIFT_ACTIVE_COMPILATION_CONDITIONS = DEBUG;
				SWIFT_OPTIMIZATION_LEVEL = "-Onone";
			};
			name = Debug;
		};
		1CB3E0A01E00E4D60019CF9E /* Release */ = {
			isa = XCBuildConfiguration;
			buildSettings = {
				ALWAYS_SEARCH_USER_PATHS = NO;
				CLANG_ANALYZER_NONNULL = YES;
				CLANG_CXX_LANGUAGE_STANDARD = "gnu++0x";
				CLANG_CXX_LIBRARY = "libc++";
				CLANG_ENABLE_MODULES = YES;
				CLANG_ENABLE_OBJC_ARC = YES;
				CLANG_WARN_BOOL_CONVERSION = YES;
				CLANG_WARN_CONSTANT_CONVERSION = YES;
				CLANG_WARN_DIRECT_OBJC_ISA_USAGE = YES_ERROR;
				CLANG_WARN_DOCUMENTATION_COMMENTS = YES;
				CLANG_WARN_EMPTY_BODY = YES;
				CLANG_WARN_ENUM_CONVERSION = YES;
				CLANG_WARN_INFINITE_RECURSION = YES;
				CLANG_WARN_INT_CONVERSION = YES;
				CLANG_WARN_OBJC_ROOT_CLASS = YES_ERROR;
				CLANG_WARN_SUSPICIOUS_MOVES = YES;
				CLANG_WARN_UNREACHABLE_CODE = YES;
				CLANG_WARN__DUPLICATE_METHOD_MATCH = YES;
				"CODE_SIGN_IDENTITY[sdk=iphoneos*]" = "iPhone Developer";
				COPY_PHASE_STRIP = NO;
				DEBUG_INFORMATION_FORMAT = "dwarf-with-dsym";
				ENABLE_NS_ASSERTIONS = NO;
				ENABLE_STRICT_OBJC_MSGSEND = YES;
				GCC_C_LANGUAGE_STANDARD = gnu99;
				GCC_NO_COMMON_BLOCKS = YES;
				GCC_WARN_64_TO_32_BIT_CONVERSION = YES;
				GCC_WARN_ABOUT_RETURN_TYPE = YES_ERROR;
				GCC_WARN_UNDECLARED_SELECTOR = YES;
				GCC_WARN_UNINITIALIZED_AUTOS = YES_AGGRESSIVE;
				GCC_WARN_UNUSED_FUNCTION = YES;
				GCC_WARN_UNUSED_VARIABLE = YES;
				IPHONEOS_DEPLOYMENT_TARGET = 10.1;
				MTL_ENABLE_DEBUG_INFO = NO;
				SDKROOT = iphoneos;
				SWIFT_OPTIMIZATION_LEVEL = "-Owholemodule";
				VALIDATE_PRODUCT = YES;
			};
			name = Release;
		};
		1CB3E0A21E00E4D60019CF9E /* Debug */ = {
			isa = XCBuildConfiguration;
			buildSettings = {
				ASSETCATALOG_COMPILER_APPICON_NAME = AppIcon;
				DEVELOPMENT_TEAM = 8R75S2A8BS;
				INFOPLIST_FILE = sign/Info.plist;
				LD_RUNPATH_SEARCH_PATHS = "$(inherited) @executable_path/Frameworks";
				PRODUCT_BUNDLE_IDENTIFIER = com.cpcn.sign;
				PRODUCT_NAME = "$(TARGET_NAME)";
				SWIFT_VERSION = 3.0;
			};
			name = Debug;
		};
		1CB3E0A31E00E4D60019CF9E /* Release */ = {
			isa = XCBuildConfiguration;
			buildSettings = {
				ASSETCATALOG_COMPILER_APPICON_NAME = AppIcon;
				DEVELOPMENT_TEAM = 8R75S2A8BS;
				INFOPLIST_FILE = sign/Info.plist;
				LD_RUNPATH_SEARCH_PATHS = "$(inherited) @executable_path/Frameworks";
				PRODUCT_BUNDLE_IDENTIFIER = com.cpcn.sign;
				PRODUCT_NAME = "$(TARGET_NAME)";
				SWIFT_VERSION = 3.0;
			};
			name = Release;
		};
		1CB3E0A51E00E4D60019CF9E /* Debug */ = {
			isa = XCBuildConfiguration;
			buildSettings = {
				ALWAYS_EMBED_SWIFT_STANDARD_LIBRARIES = YES;
				BUNDLE_LOADER = "$(TEST_HOST)";
				DEVELOPMENT_TEAM = 8R75S2A8BS;
				INFOPLIST_FILE = signTests/Info.plist;
				LD_RUNPATH_SEARCH_PATHS = "$(inherited) @executable_path/Frameworks @loader_path/Frameworks";
				PRODUCT_BUNDLE_IDENTIFIER = com.cpcn.signTests;
				PRODUCT_NAME = "$(TARGET_NAME)";
				SWIFT_VERSION = 3.0;
				TEST_HOST = "$(BUILT_PRODUCTS_DIR)/sign.app/sign";
			};
			name = Debug;
		};
		1CB3E0A61E00E4D60019CF9E /* Release */ = {
			isa = XCBuildConfiguration;
			buildSettings = {
				ALWAYS_EMBED_SWIFT_STANDARD_LIBRARIES = YES;
				BUNDLE_LOADER = "$(TEST_HOST)";
				DEVELOPMENT_TEAM = 8R75S2A8BS;
				INFOPLIST_FILE = signTests/Info.plist;
				LD_RUNPATH_SEARCH_PATHS = "$(inherited) @executable_path/Frameworks @loader_path/Frameworks";
				PRODUCT_BUNDLE_IDENTIFIER = com.cpcn.signTests;
				PRODUCT_NAME = "$(TARGET_NAME)";
				SWIFT_VERSION = 3.0;
				TEST_HOST = "$(BUILT_PRODUCTS_DIR)/sign.app/sign";
			};
			name = Release;
		};
		1CB3E0A81E00E4D60019CF9E /* Debug */ = {
			isa = XCBuildConfiguration;
			buildSettings = {
				ALWAYS_EMBED_SWIFT_STANDARD_LIBRARIES = YES;
				DEVELOPMENT_TEAM = 8R75S2A8BS;
				INFOPLIST_FILE = signUITests/Info.plist;
				LD_RUNPATH_SEARCH_PATHS = "$(inherited) @executable_path/Frameworks @loader_path/Frameworks";
				PRODUCT_BUNDLE_IDENTIFIER = com.cpcn.signUITests;
				PRODUCT_NAME = "$(TARGET_NAME)";
				SWIFT_VERSION = 3.0;
				TEST_TARGET_NAME = sign;
			};
			name = Debug;
		};
		1CB3E0A91E00E4D60019CF9E /* Release */ = {
			isa = XCBuildConfiguration;
			buildSettings = {
				ALWAYS_EMBED_SWIFT_STANDARD_LIBRARIES = YES;
				DEVELOPMENT_TEAM = 8R75S2A8BS;
				INFOPLIST_FILE = signUITests/Info.plist;
				LD_RUNPATH_SEARCH_PATHS = "$(inherited) @executable_path/Frameworks @loader_path/Frameworks";
				PRODUCT_BUNDLE_IDENTIFIER = com.cpcn.signUITests;
				PRODUCT_NAME = "$(TARGET_NAME)";
				SWIFT_VERSION = 3.0;
				TEST_TARGET_NAME = sign;
			};
			name = Release;
		};
/* End XCBuildConfiguration section */

/* Begin XCConfigurationList section */
		1CB3E0741E00E4D60019CF9E /* Build configuration list for PBXProject "sign" */ = {
			isa = XCConfigurationList;
			buildConfigurations = (
				1CB3E09F1E00E4D60019CF9E /* Debug */,
				1CB3E0A01E00E4D60019CF9E /* Release */,
			);
			defaultConfigurationIsVisible = 0;
			defaultConfigurationName = Release;
		};
		1CB3E0A11E00E4D60019CF9E /* Build configuration list for PBXNativeTarget "sign" */ = {
			isa = XCConfigurationList;
			buildConfigurations = (
				1CB3E0A21E00E4D60019CF9E /* Debug */,
				1CB3E0A31E00E4D60019CF9E /* Release */,
			);
			defaultConfigurationIsVisible = 0;
		};
		1CB3E0A41E00E4D60019CF9E /* Build configuration list for PBXNativeTarget "signTests" */ = {
			isa = XCConfigurationList;
			buildConfigurations = (
				1CB3E0A51E00E4D60019CF9E /* Debug */,
				1CB3E0A61E00E4D60019CF9E /* Release */,
			);
			defaultConfigurationIsVisible = 0;
		};
		1CB3E0A71E00E4D60019CF9E /* Build configuration list for PBXNativeTarget "signUITests" */ = {
			isa = XCConfigurationList;
			buildConfigurations = (
				1CB3E0A81E00E4D60019CF9E /* Debug */,
				1CB3E0A91E00E4D60019CF9E /* Release */,
			);
			defaultConfigurationIsVisible = 0;
		};
/* End XCConfigurationList section */
	};
	rootObject = 1CB3E0711E00E4D60019CF9E /* Project object */;
}
